{
  "name": "yaml-repro",
  "version": "1.0.0",
  "lockfileVersion": 1,
  "requires": true,
  "dependencies": {
    "yaml": {
      "version": "2.0.0-0",
      "resolved": "https://registry.npmjs.org/yaml/-/yaml-2.0.0-0.tgz",
      "integrity": "sha512-+n+AwzE2hK2j21p36UB2foND6RYQU4PQkdPCK4YF2OKz8BbiNI+NvKS79CpyDChw3k/0L9jnChkjEzKoiu2C7w=="
    }
  }
}
